
Microsoft Visual Studio Solution File, Format Version 12.00
# Visual Studio Version 17
VisualStudioVersion = 17.11.35312.102
MinimumVisualStudioVersion = 10.0.40219.1
Project("{FAE04EC0-301F-11D3-BF4B-00C04F79EFBC}") = "FilmsRazor", "FilmsRazor\FilmsRazor.csproj", "{078EEBFE-0093-4D7E-AC41-3B00A01E478A}"
EndProject
Global
	GlobalSection(SolutionConfigurationPlatforms) = preSolution
		Debug|Any CPU = Debug|Any CPU
		Release|Any CPU = Release|Any CPU
	EndGlobalSection
	GlobalSection(ProjectConfigurationPlatforms) = postSolution
		{078EEBFE-0093-4D7E-AC41-3B00A01E478A}.Debug|Any CPU.ActiveCfg = Debug|Any CPU
		{078EEBFE-0093-4D7E-AC41-3B00A01E478A}.Debug|Any CPU.Build.0 = Debug|Any CPU
		{078EEBFE-0093-4D7E-AC41-3B00A01E478A}.Release|Any CPU.ActiveCfg = Release|Any CPU
		{078EEBFE-0093-4D7E-AC41-3B00A01E478A}.Release|Any CPU.Build.0 = Release|Any CPU
	EndGlobalSection
	GlobalSection(SolutionProperties) = preSolution
		HideSolutionNode = FALSE
	EndGlobalSection
	GlobalSection(ExtensibilityGlobals) = postSolution
		SolutionGuid = {811E5451-3BBF-433F-9F0D-FB48C81358DF}
	EndGlobalSection
EndGlobal
